<?xml version="1.0" encoding="utf-8"?>
<Project ToolsVersion="4.0" xmlns="http://schemas.microsoft.com/developer/msbuild/2003">
  <ItemGroup>
    <ClCompile Include="Src\main.cpp" />
    <ClCompile Include="Src\Core\Rasterizer.cpp" />
    <ClCompile Include="Src\Core\Application.cpp" />
    <ClCompile Include="Src\Core\Window.cpp" />
    <ClCompile Include="Src\Core\Buffer\ColorBuffer.h" />
    <ClCompile Include="Src\Core\MatrixTool.h" />
    <ClCompile Include="Src\pch.cpp" />
  </ItemGroup>
  <ItemGroup>
    <ClInclude Include="Src\Core\Rasterizer.h" />
    <ClInclude Include="Src\Core\Buffer\VertexBuffer.h" />
    <ClInclude Include="Src\params.h" />
    <ClInclude Include="Src\Core\Application.h" />
    <ClInclude Include="Src\Util\Singleton.h" />
    <ClInclude Include="Src\Core\Window.h" />
    <ClInclude Include="Src\pch.h" />
    <ClInclude Include="Src\Util\Event.h" />
    <ClInclude Include="Src\Core\Core.h" />
    <ClInclude Include="Src\Util\Action.h" />
    <ClInclude Include="Src\Core\Buffer\DepthBuffer.h" />
    <ClInclude Include="Src\Core\Buffer\StencilBuffer.h" />
    <ClInclude Include="Src\Core\Graphics\Color.h" />
    <ClInclude Include="Src\Extension\Renderer.h" />
    <ClInclude Include="Src\Core\Buffer\IndexBuffer.h" />
    <ClInclude Include="Src\Core\Graphics\Shader.h" />
    <ClInclude Include="Src\Core\Graphics\Texture.h" />
  </ItemGroup>
</Project>